
Microsoft Visual Studio Solution File, Format Version 12.00
# Visual Studio Version 16
VisualStudioVersion = 16.0.31402.337
MinimumVisualStudioVersion = 10.0.40219.1
Project("{FAE04EC0-301F-11D3-BF4B-00C04F79EFBC}") = "VirtualMachine", "VirtualMachine\VirtualMachine.csproj", "{24489726-490C-462B-ACF1-AF9F33C94643}"
EndProject
Global
	GlobalSection(SolutionConfigurationPlatforms) = preSolution
		Debug|Any CPU = Debug|Any CPU
		Release|Any CPU = Release|Any CPU
	EndGlobalSection
	GlobalSection(ProjectConfigurationPlatforms) = postSolution
		{24489726-490C-462B-ACF1-AF9F33C94643}.Debug|Any CPU.ActiveCfg = Debug|Any CPU
		{24489726-490C-462B-ACF1-AF9F33C94643}.Debug|Any CPU.Build.0 = Debug|Any CPU
		{24489726-490C-462B-ACF1-AF9F33C94643}.Release|Any CPU.ActiveCfg = Release|Any CPU
		{24489726-490C-462B-ACF1-AF9F33C94643}.Release|Any CPU.Build.0 = Release|Any CPU
	EndGlobalSection
	GlobalSection(SolutionProperties) = preSolution
		HideSolutionNode = FALSE
	EndGlobalSection
	GlobalSection(ExtensibilityGlobals) = postSolution
		SolutionGuid = {3CF6E1C6-7240-4172-BDEC-95A60B9D99FE}
	EndGlobalSection
EndGlobal
